
Microsoft Visual Studio Solution File, Format Version 12.00
# Visual Studio Version 16
VisualStudioVersion = 16.0.31702.278
MinimumVisualStudioVersion = 10.0.40219.1
Project("{FAE04EC0-301F-11D3-BF4B-00C04F79EFBC}") = "SampleWebApplication", "SampleWebApplication\SampleWebApplication.csproj", "{7FDE2572-B0C6-47CE-8CD8-49C3ED5CB3D8}"
EndProject
Global
	GlobalSection(SolutionConfigurationPlatforms) = preSolution
		Debug|Any CPU = Debug|Any CPU
		Release|Any CPU = Release|Any CPU
	EndGlobalSection
	GlobalSection(ProjectConfigurationPlatforms) = postSolution
		{7FDE2572-B0C6-47CE-8CD8-49C3ED5CB3D8}.Debug|Any CPU.ActiveCfg = Debug|Any CPU
		{7FDE2572-B0C6-47CE-8CD8-49C3ED5CB3D8}.Debug|Any CPU.Build.0 = Debug|Any CPU
		{7FDE2572-B0C6-47CE-8CD8-49C3ED5CB3D8}.Release|Any CPU.ActiveCfg = Release|Any CPU
		{7FDE2572-B0C6-47CE-8CD8-49C3ED5CB3D8}.Release|Any CPU.Build.0 = Release|Any CPU
	EndGlobalSection
	GlobalSection(SolutionProperties) = preSolution
		HideSolutionNode = FALSE
	EndGlobalSection
	GlobalSection(ExtensibilityGlobals) = postSolution
		SolutionGuid = {2FC8ED1A-60C2-4569-88F0-E37488B4C1D4}
	EndGlobalSection
EndGlobal
